// !$*UTF8*$!
{
	archiveVersion = 1;
	classes = {
	};
	objectVersion = 50;
	objects = {

/* Begin PBXBuildFile section */
		C300E23121DE35EF0035CD06 /* AppDelegate.swift in Sources */ = {isa = PBXBuildFile; fileRef = C300E23021DE35EF0035CD06 /* AppDelegate.swift */; };
		C300E23321DE35EF0035CD06 /* ViewController.swift in Sources */ = {isa = PBXBuildFile; fileRef = C300E23221DE35EF0035CD06 /* ViewController.swift */; };
		C300E23621DE35EF0035CD06 /* Main.storyboard in Resources */ = {isa = PBXBuildFile; fileRef = C300E23421DE35EF0035CD06 /* Main.storyboard */; };
		C300E23821DE35F20035CD06 /* Assets.xcassets in Resources */ = {isa = PBXBuildFile; fileRef = C300E23721DE35F20035CD06 /* Assets.xcassets */; };
		C300E23B21DE35F20035CD06 /* LaunchScreen.storyboard in Resources */ = {isa = PBXBuildFile; fileRef = C300E23921DE35F20035CD06 /* LaunchScreen.storyboard */; };
		C300E24421DFA6D30035CD06 /* Concentration.swift in Sources */ = {isa = PBXBuildFile; fileRef = C300E24321DFA6D30035CD06 /* Concentration.swift */; };
		C300E24621DFD6210035CD06 /* Card.swift in Sources */ = {isa = PBXBuildFile; fileRef = C300E24521DFD6210035CD06 /* Card.swift */; };
/* End PBXBuildFile section */

/* Begin PBXFileReference section */
		C300E22D21DE35EF0035CD06 /* TestIosFirst.app */ = {isa = PBXFileReference; explicitFileType = wrapper.application; includeInIndex = 0; path = TestIosFirst.app; sourceTree = BUILT_PRODUCTS_DIR; };
		C300E23021DE35EF0035CD06 /* AppDelegate.swift */ = {isa = PBXFileReference; lastKnownFileType = sourcecode.swift; path = AppDelegate.swift; sourceTree = "<group>"; };
		C300E23221DE35EF0035CD06 /* ViewController.swift */ = {isa = PBXFileReference; lastKnownFileType = sourcecode.swift; path = ViewController.swift; sourceTree = "<group>"; };
		C300E23521DE35EF0035CD06 /* Base */ = {isa = PBXFileReference; lastKnownFileType = file.storyboard; name = Base; path = Base.lproj/Main.storyboard; sourceTree = "<group>"; };
		C300E23721DE35F20035CD06 /* Assets.xcassets */ = {isa = PBXFileReference; lastKnownFileType = folder.assetcatalog; path = Assets.xcassets; sourceTree = "<group>"; };
		C300E23A21DE35F20035CD06 /* Base */ = {isa = PBXFileReference; lastKnownFileType = file.storyboard; name = Base; path = Base.lproj/LaunchScreen.storyboard; sourceTree = "<group>"; };
		C300E23C21DE35F20035CD06 /* Info.plist */ = {isa = PBXFileReference; lastKnownFileType = text.plist.xml; path = Info.plist; sourceTree = "<group>"; };
		C300E24321DFA6D30035CD06 /* Concentration.swift */ = {isa = PBXFileReference; lastKnownFileType = sourcecode.swift; path = Concentration.swift; sourceTree = "<group>"; };
		C300E24521DFD6210035CD06 /* Card.swift */ = {isa = PBXFileReference; lastKnownFileType = sourcecode.swift; path = Card.swift; sourceTree = "<group>"; };
/* End PBXFileReference section */

/* Begin PBXFrameworksBuildPhase section */
		C300E22A21DE35EF0035CD06 /* Frameworks */ = {
			isa = PBXFrameworksBuildPhase;
			buildActionMask = 2147483647;
			files = (
			);
			runOnlyForDeploymentPostprocessing = 0;
		};
/* End PBXFrameworksBuildPhase section */

/* Begin PBXGroup section */
		C300E22421DE35EF0035CD06 = {
			isa = PBXGroup;
			children = (
				C300E22F21DE35EF0035CD06 /* TestIosFirst */,
				C300E22E21DE35EF0035CD06 /* Products */,
			);
			sourceTree = "<group>";
		};
		C300E22E21DE35EF0035CD06 /* Products */ = {
			isa = PBXGroup;
			children = (
				C300E22D21DE35EF0035CD06 /* TestIosFirst.app */,
			);
			name = Products;
			sourceTree = "<group>";
		};
		C300E22F21DE35EF0035CD06 /* TestIosFirst */ = {
			isa = PBXGroup;
			children = (
				C300E24221DE38130035CD06 /* support files */,
				C300E23221DE35EF0035CD06 /* ViewController.swift */,
				C300E24321DFA6D30035CD06 /* Concentration.swift */,
				C300E24521DFD6210035CD06 /* Card.swift */,
				C300E23421DE35EF0035CD06 /* Main.storyboard */,
				C300E23C21DE35F20035CD06 /* Info.plist */,
			);
			path = TestIosFirst;
			sourceTree = "<group>";
		};
		C300E24221DE38130035CD06 /* support files */ = {
			isa = PBXGroup;
			children = (
				C300E23921DE35F20035CD06 /* LaunchScreen.storyboard */,
				C300E23021DE35EF0035CD06 /* AppDelegate.swift */,
				C300E23721DE35F20035CD06 /* Assets.xcassets */,
			);
			path = "support files";
			sourceTree = "<group>";
		};
/* End PBXGroup section */

/* Begin PBXNativeTarget section */
		C300E22C21DE35EF0035CD06 /* TestIosFirst */ = {
			isa = PBXNativeTarget;
			buildConfigurationList = C300E23F21DE35F30035CD06 /* Build configuration list for PBXNativeTarget "TestIosFirst" */;
			buildPhases = (
				C300E22921DE35EF0035CD06 /* Sources */,
				C300E22A21DE35EF0035CD06 /* Frameworks */,
				C300E22B21DE35EF0035CD06 /* Resources */,
			);
			buildRules = (
			);
			dependencies = (
			);
			name = TestIosFirst;
			productName = TestIosFirst;
			productReference = C300E22D21DE35EF0035CD06 /* TestIosFirst.app */;
			productType = "com.apple.product-type.application";
		};
/* End PBXNativeTarget section */

/* Begin PBXProject section */
		C300E22521DE35EF0035CD06 /* Project object */ = {
			isa = PBXProject;
			attributes = {
				LastSwiftUpdateCheck = 1010;
				LastUpgradeCheck = 1010;
				ORGANIZATIONNAME = Me;
				TargetAttributes = {
					C300E22C21DE35EF0035CD06 = {
						CreatedOnToolsVersion = 10.1;
					};
				};
			};
			buildConfigurationList = C300E22821DE35EF0035CD06 /* Build configuration list for PBXProject "TestIosFirst" */;
			compatibilityVersion = "Xcode 9.3";
			developmentRegion = en;
			hasScannedForEncodings = 0;
			knownRegions = (
				en,
				Base,
			);
			mainGroup = C300E22421DE35EF0035CD06;
			productRefGroup = C300E22E21DE35EF0035CD06 /* Products */;
			projectDirPath = "";
			projectRoot = "";
			targets = (
				C300E22C21DE35EF0035CD06 /* TestIosFirst */,
			);
		};
/* End PBXProject section */

/* Begin PBXResourcesBuildPhase section */
		C300E22B21DE35EF0035CD06 /* Resources */ = {
			isa = PBXResourcesBuildPhase;
			buildActionMask = 2147483647;
			files = (
				C300E23B21DE35F20035CD06 /* LaunchScreen.storyboard in Resources */,
				C300E23821DE35F20035CD06 /* Assets.xcassets in Resources */,
				C300E23621DE35EF0035CD06 /* Main.storyboard in Resources */,
			);
			runOnlyForDeploymentPostprocessing = 0;
		};
/* End PBXResourcesBuildPhase section */

/* Begin PBXSourcesBuildPhase section */
		C300E22921DE35EF0035CD06 /* Sources */ = {
			isa = PBXSourcesBuildPhase;
			buildActionMask = 2147483647;
			files = (
				C300E23321DE35EF0035CD06 /* ViewController.swift in Sources */,
				C300E23121DE35EF0035CD06 /* AppDelegate.swift in Sources */,
				C300E24421DFA6D30035CD06 /* Concentration.swift in Sources */,
				C300E24621DFD6210035CD06 /* Card.swift in Sources */,
			);
			runOnlyForDeploymentPostprocessing = 0;
		};
/* End PBXSourcesBuildPhase section */

/* Begin PBXVariantGroup section */
		C300E23421DE35EF0035CD06 /* Main.storyboard */ = {
			isa = PBXVariantGroup;
			children = (
				C300E23521DE35EF0035CD06 /* Base */,
			);
			name = Main.storyboard;
			sourceTree = "<group>";
		};
		C300E23921DE35F20035CD06 /* LaunchScreen.storyboard */ = {
			isa = PBXVariantGroup;
			children = (
				C300E23A21DE35F20035CD06 /* Base */,
			);
			name = LaunchScreen.storyboard;
			sourceTree = "<group>";
		};
/* End PBXVariantGroup section */

/* Begin XCBuildConfiguration section */
		C300E23D21DE35F20035CD06 /* Debug */ = {
			isa = XCBuildConfiguration;
			buildSettings = {
				ALWAYS_SEARCH_USER_PATHS = NO;
				CLANG_ANALYZER_NONNULL = YES;
				CLANG_ANALYZER_NUMBER_OBJECT_CONVERSION = YES_AGGRESSIVE;
				CLANG_CXX_LANGUAGE_STANDARD = "gnu++14";
				CLANG_CXX_LIBRARY = "libc++";
				CLANG_ENABLE_MODULES = YES;
				CLANG_ENABLE_OBJC_ARC = YES;
				CLANG_ENABLE_OBJC_WEAK = YES;
				CLANG_WARN_BLOCK_CAPTURE_AUTORELEASING = YES;
				CLANG_WARN_BOOL_CONVERSION = YES;
				CLANG_WARN_COMMA = YES;
				CLANG_WARN_CONSTANT_CONVERSION = YES;
				CLANG_WARN_DEPRECATED_OBJC_IMPLEMENTATIONS = YES;
				CLANG_WARN_DIRECT_OBJC_ISA_USAGE = YES_ERROR;
				CLANG_WARN_DOCUMENTATION_COMMENTS = YES;
				CLANG_WARN_EMPTY_BODY = YES;
				CLANG_WARN_ENUM_CONVERSION = YES;
				CLANG_WARN_INFINITE_RECURSION = YES;
				CLANG_WARN_INT_CONVERSION = YES;
				CLANG_WARN_NON_LITERAL_NULL_CONVERSION = YES;
				CLANG_WARN_OBJC_IMPLICIT_RETAIN_SELF = YES;
				CLANG_WARN_OBJC_LITERAL_CONVERSION = YES;
				CLANG_WARN_OBJC_ROOT_CLASS = YES_ERROR;
				CLANG_WARN_RANGE_LOOP_ANALYSIS = YES;
				CLANG_WARN_STRICT_PROTOTYPES = YES;
				CLANG_WARN_SUSPICIOUS_MOVE = YES;
				CLANG_WARN_UNGUARDED_AVAILABILITY = YES_AGGRESSIVE;
				CLANG_WARN_UNREACHABLE_CODE = YES;
				CLANG_WARN__DUPLICATE_METHOD_MATCH = YES;
				CODE_SIGN_IDENTITY = "iPhone Developer";
				COPY_PHASE_STRIP = NO;
				DEBUG_INFORMATION_FORMAT = dwarf;
				ENABLE_STRICT_OBJC_MSGSEND = YES;
				ENABLE_TESTABILITY = YES;
				GCC_C_LANGUAGE_STANDARD = gnu11;
				GCC_DYNAMIC_NO_PIC = NO;
				GCC_NO_COMMON_BLOCKS = YES;
				GCC_OPTIMIZATION_LEVEL = 0;
				GCC_PREPROCESSOR_DEFINITIONS = (
					"DEBUG=1",
					"$(inherited)",
				);
				GCC_WARN_64_TO_32_BIT_CONVERSION = YES;
				GCC_WARN_ABOUT_RETURN_TYPE = YES_ERROR;
				GCC_WARN_UNDECLARED_SELECTOR = YES;
				GCC_WARN_UNINITIALIZED_AUTOS = YES_AGGRESSIVE;
				GCC_WARN_UNUSED_FUNCTION = YES;
				GCC_WARN_UNUSED_VARIABLE = YES;
				IPHONEOS_DEPLOYMENT_TARGET = 12.1;
				MTL_ENABLE_DEBUG_INFO = INCLUDE_SOURCE;
				MTL_FAST_MATH = YES;
				ONLY_ACTIVE_ARCH = YES;
				SDKROOT = iphoneos;
				SWIFT_ACTIVE_COMPILATION_CONDITIONS = DEBUG;
				SWIFT_OPTIMIZATION_LEVEL = "-Onone";
			};
			name = Debug;
		};
		C300E23E21DE35F20035CD06 /* Release */ = {
			isa = XCBuildConfiguration;
			buildSettings = {
				ALWAYS_SEARCH_USER_PATHS = NO;
				CLANG_ANALYZER_NONNULL = YES;
				CLANG_ANALYZER_NUMBER_OBJECT_CONVERSION = YES_AGGRESSIVE;
				CLANG_CXX_LANGUAGE_STANDARD = "gnu++14";
				CLANG_CXX_LIBRARY = "libc++";
				CLANG_ENABLE_MODULES = YES;
				CLANG_ENABLE_OBJC_ARC = YES;
				CLANG_ENABLE_OBJC_WEAK = YES;
				CLANG_WARN_BLOCK_CAPTURE_AUTORELEASING = YES;
				CLANG_WARN_BOOL_CONVERSION = YES;
				CLANG_WARN_COMMA = YES;
				CLANG_WARN_CONSTANT_CONVERSION = YES;
				CLANG_WARN_DEPRECATED_OBJC_IMPLEMENTATIONS = YES;
				CLANG_WARN_DIRECT_OBJC_ISA_USAGE = YES_ERROR;
				CLANG_WARN_DOCUMENTATION_COMMENTS = YES;
				CLANG_WARN_EMPTY_BODY = YES;
				CLANG_WARN_ENUM_CONVERSION = YES;
				CLANG_WARN_INFINITE_RECURSION = YES;
				CLANG_WARN_INT_CONVERSION = YES;
				CLANG_WARN_NON_LITERAL_NULL_CONVERSION = YES;
				CLANG_WARN_OBJC_IMPLICIT_RETAIN_SELF = YES;
				CLANG_WARN_OBJC_LITERAL_CONVERSION = YES;
				CLANG_WARN_OBJC_ROOT_CLASS = YES_ERROR;
				CLANG_WARN_RANGE_LOOP_ANALYSIS = YES;
				CLANG_WARN_STRICT_PROTOTYPES = YES;
				CLANG_WARN_SUSPICIOUS_MOVE = YES;
				CLANG_WARN_UNGUARDED_AVAILABILITY = YES_AGGRESSIVE;
				CLANG_WARN_UNREACHABLE_CODE = YES;
				CLANG_WARN__DUPLICATE_METHOD_MATCH = YES;
				CODE_SIGN_IDENTITY = "iPhone Developer";
				COPY_PHASE_STRIP = NO;
				DEBUG_INFORMATION_FORMAT = "dwarf-with-dsym";
				ENABLE_NS_ASSERTIONS = NO;
				ENABLE_STRICT_OBJC_MSGSEND = YES;
				GCC_C_LANGUAGE_STANDARD = gnu11;
				GCC_NO_COMMON_BLOCKS = YES;
				GCC_WARN_64_TO_32_BIT_CONVERSION = YES;
				GCC_WARN_ABOUT_RETURN_TYPE = YES_ERROR;
				GCC_WARN_UNDECLARED_SELECTOR = YES;
				GCC_WARN_UNINITIALIZED_AUTOS = YES_AGGRESSIVE;
				GCC_WARN_UNUSED_FUNCTION = YES;
				GCC_WARN_UNUSED_VARIABLE = YES;
				IPHONEOS_DEPLOYMENT_TARGET = 12.1;
				MTL_ENABLE_DEBUG_INFO = NO;
				MTL_FAST_MATH = YES;
				SDKROOT = iphoneos;
				SWIFT_COMPILATION_MODE = wholemodule;
				SWIFT_OPTIMIZATION_LEVEL = "-O";
				VALIDATE_PRODUCT = YES;
			};
			name = Release;
		};
		C300E24021DE35F30035CD06 /* Debug */ = {
			isa = XCBuildConfiguration;
			buildSettings = {
				ASSETCATALOG_COMPILER_APPICON_NAME = AppIcon;
				CODE_SIGN_IDENTITY = "iPhone Developer";
				CODE_SIGN_STYLE = Automatic;
				DEVELOPMENT_TEAM = N2654QWC24;
				INFOPLIST_FILE = TestIosFirst/Info.plist;
				LD_RUNPATH_SEARCH_PATHS = (
					"$(inherited)",
					"@executable_path/Frameworks",
				);
				PRODUCT_BUNDLE_IDENTIFIER = ru.srazy.andrey.TestIosFirst;
				PRODUCT_NAME = "$(TARGET_NAME)";
				PROVISIONING_PROFILE_SPECIFIER = "";
				SWIFT_VERSION = 4.2;
				TARGETED_DEVICE_FAMILY = "1,2";
			};
			name = Debug;
		};
		C300E24121DE35F30035CD06 /* Release */ = {
			isa = XCBuildConfiguration;
			buildSettings = {
				ASSETCATALOG_COMPILER_APPICON_NAME = AppIcon;
				CODE_SIGN_IDENTITY = "iPhone Developer";
				CODE_SIGN_STYLE = Automatic;
				DEVELOPMENT_TEAM = N2654QWC24;
				INFOPLIST_FILE = TestIosFirst/Info.plist;
				LD_RUNPATH_SEARCH_PATHS = (
					"$(inherited)",
					"@executable_path/Frameworks",
				);
				PRODUCT_BUNDLE_IDENTIFIER = ru.srazy.andrey.TestIosFirst;
				PRODUCT_NAME = "$(TARGET_NAME)";
				PROVISIONING_PROFILE_SPECIFIER = "";
				SWIFT_VERSION = 4.2;
				TARGETED_DEVICE_FAMILY = "1,2";
			};
			name = Release;
		};
/* End XCBuildConfiguration section */

/* Begin XCConfigurationList section */
		C300E22821DE35EF0035CD06 /* Build configuration list for PBXProject "TestIosFirst" */ = {
			isa = XCConfigurationList;
			buildConfigurations = (
				C300E23D21DE35F20035CD06 /* Debug */,
				C300E23E21DE35F20035CD06 /* Release */,
			);
			defaultConfigurationIsVisible = 0;
			defaultConfigurationName = Release;
		};
		C300E23F21DE35F30035CD06 /* Build configuration list for PBXNativeTarget "TestIosFirst" */ = {
			isa = XCConfigurationList;
			buildConfigurations = (
				C300E24021DE35F30035CD06 /* Debug */,
				C300E24121DE35F30035CD06 /* Release */,
			);
			defaultConfigurationIsVisible = 0;
			defaultConfigurationName = Release;
		};
/* End XCConfigurationList section */
	};
	rootObject = C300E22521DE35EF0035CD06 /* Project object */;
}
